
Microsoft Visual Studio Solution File, Format Version 12.00
# Visual Studio 15
VisualStudioVersion = 15.0.28307.136
MinimumVisualStudioVersion = 10.0.40219.1
Project("{FAE04EC0-301F-11D3-BF4B-00C04F79EFBC}") = "PersianCalendarExtensions", "PersianCalendarExtensions\PersianCalendarExtensions.csproj", "{7B0AEF15-5474-4AE9-A93F-E9046F54FE29}"
EndProject
Project("{FAE04EC0-301F-11D3-BF4B-00C04F79EFBC}") = "PersianCalendarExtensionsTest", "PersianCalendarExtensionsTest\PersianCalendarExtensionsTest.csproj", "{B2785211-F089-45E2-A83B-A35655F4188A}"
EndProject
Global
	GlobalSection(SolutionConfigurationPlatforms) = preSolution
		Debug|Any CPU = Debug|Any CPU
		Release|Any CPU = Release|Any CPU
	EndGlobalSection
	GlobalSection(ProjectConfigurationPlatforms) = postSolution
		{7B0AEF15-5474-4AE9-A93F-E9046F54FE29}.Debug|Any CPU.ActiveCfg = Debug|Any CPU
		{7B0AEF15-5474-4AE9-A93F-E9046F54FE29}.Debug|Any CPU.Build.0 = Debug|Any CPU
		{7B0AEF15-5474-4AE9-A93F-E9046F54FE29}.Release|Any CPU.ActiveCfg = Release|Any CPU
		{7B0AEF15-5474-4AE9-A93F-E9046F54FE29}.Release|Any CPU.Build.0 = Release|Any CPU
		{B2785211-F089-45E2-A83B-A35655F4188A}.Debug|Any CPU.ActiveCfg = Debug|Any CPU
		{B2785211-F089-45E2-A83B-A35655F4188A}.Debug|Any CPU.Build.0 = Debug|Any CPU
		{B2785211-F089-45E2-A83B-A35655F4188A}.Release|Any CPU.ActiveCfg = Release|Any CPU
		{B2785211-F089-45E2-A83B-A35655F4188A}.Release|Any CPU.Build.0 = Release|Any CPU
	EndGlobalSection
	GlobalSection(SolutionProperties) = preSolution
		HideSolutionNode = FALSE
	EndGlobalSection
	GlobalSection(ExtensibilityGlobals) = postSolution
		SolutionGuid = {C69033E5-A19C-4063-A9CA-5B6B049B9E17}
	EndGlobalSection
EndGlobal
